{
  "pid": 39588,
  "created_at": "2026-04-29T20:56:57",
  "command": [
    "train.py",
    "--algo",
    "td3",
    "--mode",
    "CD",
    "--use_gru_encoder",
    "--gru_hidden_dim",
    "96",
    "--curriculum",
    "none",
    "--epochs",
    "40",
    "--episodes_per_epoch",
    "5",
    "--eval_episodes",
    "5",
    "--warmup_steps",
    "0",
    "--checkpoint_interval",
    "10",
    "--run_name",
    "cd_gru_repaired_compare_ft_stage2_20260429_v2",
    "--checkpoint",
    "runs\\cd_gru_serial_manual_001\\checkpoints\\best_stage2.pth",
    "--checkpoint_mode",
    "finetune",
    "--uf_control_mode",
    "absolute",
    "--disable_post_target_fp_governor",
    "--disable_post_target_idle_seeker",
    "--disable_midcourse_quality_governor",
    "--disable_late_concentration_keeper",
    "--disable_late_target_compensator",
    "--device",
    "cpu",
    "--force"
  ]
}