{
  "pid": 42116,
  "created_at": "2026-04-29T20:46:20",
  "command": [
    "train.py",
    "--algo",
    "td3",
    "--mode",
    "CD",
    "--use_gru_encoder",
    "--gru_hidden_dim",
    "96",
    "--curriculum",
    "safety_mass",
    "--epochs",
    "120",
    "--episodes_per_epoch",
    "5",
    "--eval_episodes",
    "5",
    "--checkpoint_interval",
    "20",
    "--run_name",
    "cd_gru_repaired_compare_20260429_v1",
    "--uf_control_mode",
    "absolute",
    "--disable_post_target_fp_governor",
    "--disable_post_target_idle_seeker",
    "--disable_midcourse_quality_governor",
    "--disable_late_concentration_keeper",
    "--disable_late_target_compensator",
    "--device",
    "cpu",
    "--force"
  ]
}